
Microsoft Visual Studio Solution File, Format Version 12.00
# Visual Studio Version 17
VisualStudioVersion = 17.6.33815.320
MinimumVisualStudioVersion = 10.0.40219.1
Project("{9A19103F-16F7-4668-BE54-9A1E7A4F7556}") = "BallastLane", "BallastLane\BallastLane.csproj", "{7C69B32D-D418-4A79-B2FC-F3CC62AE1836}"
EndProject
Project("{9A19103F-16F7-4668-BE54-9A1E7A4F7556}") = "BallastLane.Core", "BallastLane.Core\BallastLane.Core.csproj", "{495B6CC1-F995-495C-8732-89D82032CFAA}"
EndProject
Project("{FAE04EC0-301F-11D3-BF4B-00C04F79EFBC}") = "BallastLane.Infrastructure", "BallastLane.Infrastructure\BallastLane.Infrastructure.csproj", "{48C51258-2844-4219-805C-9A21C69A70E6}"
EndProject
Project("{FAE04EC0-301F-11D3-BF4B-00C04F79EFBC}") = "BallastLane.Application", "BallastLane.Application\BallastLane.Application.csproj", "{AD8205F4-4758-4503-8318-79BADE70879D}"
EndProject
Project("{FAE04EC0-301F-11D3-BF4B-00C04F79EFBC}") = "BallastLane.Test", "BallastLane.Test\BallastLane.Test.csproj", "{1E23BD2F-A8DE-4A0B-9028-D6685C8344CD}"
EndProject
Global
	GlobalSection(SolutionConfigurationPlatforms) = preSolution
		Debug|Any CPU = Debug|Any CPU
		Release|Any CPU = Release|Any CPU
	EndGlobalSection
	GlobalSection(ProjectConfigurationPlatforms) = postSolution
		{7C69B32D-D418-4A79-B2FC-F3CC62AE1836}.Debug|Any CPU.ActiveCfg = Debug|Any CPU
		{7C69B32D-D418-4A79-B2FC-F3CC62AE1836}.Debug|Any CPU.Build.0 = Debug|Any CPU
		{7C69B32D-D418-4A79-B2FC-F3CC62AE1836}.Release|Any CPU.ActiveCfg = Release|Any CPU
		{7C69B32D-D418-4A79-B2FC-F3CC62AE1836}.Release|Any CPU.Build.0 = Release|Any CPU
		{495B6CC1-F995-495C-8732-89D82032CFAA}.Debug|Any CPU.ActiveCfg = Debug|Any CPU
		{495B6CC1-F995-495C-8732-89D82032CFAA}.Debug|Any CPU.Build.0 = Debug|Any CPU
		{495B6CC1-F995-495C-8732-89D82032CFAA}.Release|Any CPU.ActiveCfg = Release|Any CPU
		{495B6CC1-F995-495C-8732-89D82032CFAA}.Release|Any CPU.Build.0 = Release|Any CPU
		{48C51258-2844-4219-805C-9A21C69A70E6}.Debug|Any CPU.ActiveCfg = Debug|Any CPU
		{48C51258-2844-4219-805C-9A21C69A70E6}.Debug|Any CPU.Build.0 = Debug|Any CPU
		{48C51258-2844-4219-805C-9A21C69A70E6}.Release|Any CPU.ActiveCfg = Release|Any CPU
		{48C51258-2844-4219-805C-9A21C69A70E6}.Release|Any CPU.Build.0 = Release|Any CPU
		{AD8205F4-4758-4503-8318-79BADE70879D}.Debug|Any CPU.ActiveCfg = Debug|Any CPU
		{AD8205F4-4758-4503-8318-79BADE70879D}.Debug|Any CPU.Build.0 = Debug|Any CPU
		{AD8205F4-4758-4503-8318-79BADE70879D}.Release|Any CPU.ActiveCfg = Release|Any CPU
		{AD8205F4-4758-4503-8318-79BADE70879D}.Release|Any CPU.Build.0 = Release|Any CPU
		{1E23BD2F-A8DE-4A0B-9028-D6685C8344CD}.Debug|Any CPU.ActiveCfg = Debug|Any CPU
		{1E23BD2F-A8DE-4A0B-9028-D6685C8344CD}.Debug|Any CPU.Build.0 = Debug|Any CPU
		{1E23BD2F-A8DE-4A0B-9028-D6685C8344CD}.Release|Any CPU.ActiveCfg = Release|Any CPU
		{1E23BD2F-A8DE-4A0B-9028-D6685C8344CD}.Release|Any CPU.Build.0 = Release|Any CPU
	EndGlobalSection
	GlobalSection(SolutionProperties) = preSolution
		HideSolutionNode = FALSE
	EndGlobalSection
	GlobalSection(ExtensibilityGlobals) = postSolution
		SolutionGuid = {62B00C01-3712-41F0-B7F6-E4DA182FF8F0}
	EndGlobalSection
EndGlobal
